
Microsoft Visual Studio Solution File, Format Version 12.00
# Visual Studio Version 17
VisualStudioVersion = 17.9.34701.34
MinimumVisualStudioVersion = 10.0.40219.1
Project("{FAE04EC0-301F-11D3-BF4B-00C04F79EFBC}") = "CapstoneProject", "CapstoneProject\CapstoneProject.csproj", "{6327FFC2-7C55-4503-B50B-C0C17FD53342}"
EndProject
Global
	GlobalSection(SolutionConfigurationPlatforms) = preSolution
		Debug|Any CPU = Debug|Any CPU
		Release|Any CPU = Release|Any CPU
	EndGlobalSection
	GlobalSection(ProjectConfigurationPlatforms) = postSolution
		{6327FFC2-7C55-4503-B50B-C0C17FD53342}.Debug|Any CPU.ActiveCfg = Debug|Any CPU
		{6327FFC2-7C55-4503-B50B-C0C17FD53342}.Debug|Any CPU.Build.0 = Debug|Any CPU
		{6327FFC2-7C55-4503-B50B-C0C17FD53342}.Release|Any CPU.ActiveCfg = Release|Any CPU
		{6327FFC2-7C55-4503-B50B-C0C17FD53342}.Release|Any CPU.Build.0 = Release|Any CPU
	EndGlobalSection
	GlobalSection(SolutionProperties) = preSolution
		HideSolutionNode = FALSE
	EndGlobalSection
	GlobalSection(ExtensibilityGlobals) = postSolution
		SolutionGuid = {12AA2CFF-FBBA-4829-8554-B1441A0F413A}
	EndGlobalSection
EndGlobal
